
Microsoft Visual Studio Solution File, Format Version 12.00
# Visual Studio Version 16
VisualStudioVersion = 16.0.31321.278
MinimumVisualStudioVersion = 10.0.40219.1
Project("{9A19103F-16F7-4668-BE54-9A1E7A4F7556}") = "IsoEngine", "IsoEngine\IsoEngine.csproj", "{464EB8F6-801C-49F0-B209-A598E605CA42}"
EndProject
Project("{FAE04EC0-301F-11D3-BF4B-00C04F79EFBC}") = "MapTools", "MapTools\MapTools.csproj", "{4BB59137-F1E0-4CBF-8CFB-F4448908A316}"
EndProject
Global
	GlobalSection(SolutionConfigurationPlatforms) = preSolution
		Debug|Any CPU = Debug|Any CPU
		Release|Any CPU = Release|Any CPU
	EndGlobalSection
	GlobalSection(ProjectConfigurationPlatforms) = postSolution
		{464EB8F6-801C-49F0-B209-A598E605CA42}.Debug|Any CPU.ActiveCfg = Debug|Any CPU
		{464EB8F6-801C-49F0-B209-A598E605CA42}.Debug|Any CPU.Build.0 = Debug|Any CPU
		{464EB8F6-801C-49F0-B209-A598E605CA42}.Release|Any CPU.ActiveCfg = Release|Any CPU
		{464EB8F6-801C-49F0-B209-A598E605CA42}.Release|Any CPU.Build.0 = Release|Any CPU
		{4BB59137-F1E0-4CBF-8CFB-F4448908A316}.Debug|Any CPU.ActiveCfg = Debug|Any CPU
		{4BB59137-F1E0-4CBF-8CFB-F4448908A316}.Debug|Any CPU.Build.0 = Debug|Any CPU
		{4BB59137-F1E0-4CBF-8CFB-F4448908A316}.Release|Any CPU.ActiveCfg = Release|Any CPU
		{4BB59137-F1E0-4CBF-8CFB-F4448908A316}.Release|Any CPU.Build.0 = Release|Any CPU
	EndGlobalSection
	GlobalSection(SolutionProperties) = preSolution
		HideSolutionNode = FALSE
	EndGlobalSection
	GlobalSection(ExtensibilityGlobals) = postSolution
		SolutionGuid = {CE681C19-A937-4850-B479-5A8BC0B86A8F}
	EndGlobalSection
EndGlobal
