
Microsoft Visual Studio Solution File, Format Version 12.00
# Visual Studio Version 17
VisualStudioVersion = 17.0.32002.185
MinimumVisualStudioVersion = 10.0.40219.1
Project("{9A19103F-16F7-4668-BE54-9A1E7A4F7556}") = "Verdant", "Verdant\Verdant.csproj", "{464EB8F6-801C-49F0-B209-A598E605CA42}"
EndProject
Project("{9A19103F-16F7-4668-BE54-9A1E7A4F7556}") = "ParticleToy", "Demos\ParticleToy\ParticleToy.csproj", "{B0973FB3-09E2-467D-B067-FAEFD23D23C2}"
EndProject
Project("{2150E333-8FDC-42A3-9474-1A3956D46DE8}") = "Demos", "Demos", "{08794129-62AC-4308-8F61-2F24541A7B8E}"
EndProject
Project("{9A19103F-16F7-4668-BE54-9A1E7A4F7556}") = "LogConsole", "LogConsole\LogConsole.csproj", "{807C5442-D881-48DB-BCDD-20C7ABF694ED}"
EndProject
Project("{9A19103F-16F7-4668-BE54-9A1E7A4F7556}") = "LoggingDemo", "Demos\LoggingDemo\LoggingDemo.csproj", "{BEC21E2B-5531-4A8C-B452-D8EE139BA9B4}"
EndProject
Project("{9A19103F-16F7-4668-BE54-9A1E7A4F7556}") = "PhysicsDemo", "Demos\PhysicsDemo\PhysicsDemo.csproj", "{D725FEA4-91C1-4F65-AED2-5B42FCD14427}"
EndProject
Project("{9A19103F-16F7-4668-BE54-9A1E7A4F7556}") = "TopdownShooter", "Demos\TopdownShooter\TopdownShooter.csproj", "{450D1BEF-4875-4F8F-8FB8-54553FB847C8}"
EndProject
Project("{FAE04EC0-301F-11D3-BF4B-00C04F79EFBC}") = "TransformDemo", "Demos\TransformDemo\TransformDemo.csproj", "{9A24FC1C-EE5E-4974-920E-D31276C04A90}"
EndProject
Global
	GlobalSection(SolutionConfigurationPlatforms) = preSolution
		Debug|Any CPU = Debug|Any CPU
		Release|Any CPU = Release|Any CPU
	EndGlobalSection
	GlobalSection(ProjectConfigurationPlatforms) = postSolution
		{464EB8F6-801C-49F0-B209-A598E605CA42}.Debug|Any CPU.ActiveCfg = Debug|Any CPU
		{464EB8F6-801C-49F0-B209-A598E605CA42}.Debug|Any CPU.Build.0 = Debug|Any CPU
		{464EB8F6-801C-49F0-B209-A598E605CA42}.Release|Any CPU.ActiveCfg = Release|Any CPU
		{464EB8F6-801C-49F0-B209-A598E605CA42}.Release|Any CPU.Build.0 = Release|Any CPU
		{B0973FB3-09E2-467D-B067-FAEFD23D23C2}.Debug|Any CPU.ActiveCfg = Debug|Any CPU
		{B0973FB3-09E2-467D-B067-FAEFD23D23C2}.Debug|Any CPU.Build.0 = Debug|Any CPU
		{B0973FB3-09E2-467D-B067-FAEFD23D23C2}.Release|Any CPU.ActiveCfg = Release|Any CPU
		{B0973FB3-09E2-467D-B067-FAEFD23D23C2}.Release|Any CPU.Build.0 = Release|Any CPU
		{807C5442-D881-48DB-BCDD-20C7ABF694ED}.Debug|Any CPU.ActiveCfg = Debug|Any CPU
		{807C5442-D881-48DB-BCDD-20C7ABF694ED}.Debug|Any CPU.Build.0 = Debug|Any CPU
		{807C5442-D881-48DB-BCDD-20C7ABF694ED}.Release|Any CPU.ActiveCfg = Release|Any CPU
		{807C5442-D881-48DB-BCDD-20C7ABF694ED}.Release|Any CPU.Build.0 = Release|Any CPU
		{BEC21E2B-5531-4A8C-B452-D8EE139BA9B4}.Debug|Any CPU.ActiveCfg = Debug|Any CPU
		{BEC21E2B-5531-4A8C-B452-D8EE139BA9B4}.Debug|Any CPU.Build.0 = Debug|Any CPU
		{BEC21E2B-5531-4A8C-B452-D8EE139BA9B4}.Release|Any CPU.ActiveCfg = Release|Any CPU
		{BEC21E2B-5531-4A8C-B452-D8EE139BA9B4}.Release|Any CPU.Build.0 = Release|Any CPU
		{D725FEA4-91C1-4F65-AED2-5B42FCD14427}.Debug|Any CPU.ActiveCfg = Debug|Any CPU
		{D725FEA4-91C1-4F65-AED2-5B42FCD14427}.Debug|Any CPU.Build.0 = Debug|Any CPU
		{D725FEA4-91C1-4F65-AED2-5B42FCD14427}.Release|Any CPU.ActiveCfg = Release|Any CPU
		{D725FEA4-91C1-4F65-AED2-5B42FCD14427}.Release|Any CPU.Build.0 = Release|Any CPU
		{450D1BEF-4875-4F8F-8FB8-54553FB847C8}.Debug|Any CPU.ActiveCfg = Debug|Any CPU
		{450D1BEF-4875-4F8F-8FB8-54553FB847C8}.Debug|Any CPU.Build.0 = Debug|Any CPU
		{450D1BEF-4875-4F8F-8FB8-54553FB847C8}.Release|Any CPU.ActiveCfg = Release|Any CPU
		{450D1BEF-4875-4F8F-8FB8-54553FB847C8}.Release|Any CPU.Build.0 = Release|Any CPU
		{9A24FC1C-EE5E-4974-920E-D31276C04A90}.Debug|Any CPU.ActiveCfg = Debug|Any CPU
		{9A24FC1C-EE5E-4974-920E-D31276C04A90}.Debug|Any CPU.Build.0 = Debug|Any CPU
		{9A24FC1C-EE5E-4974-920E-D31276C04A90}.Release|Any CPU.ActiveCfg = Release|Any CPU
		{9A24FC1C-EE5E-4974-920E-D31276C04A90}.Release|Any CPU.Build.0 = Release|Any CPU
	EndGlobalSection
	GlobalSection(SolutionProperties) = preSolution
		HideSolutionNode = FALSE
	EndGlobalSection
	GlobalSection(NestedProjects) = preSolution
		{B0973FB3-09E2-467D-B067-FAEFD23D23C2} = {08794129-62AC-4308-8F61-2F24541A7B8E}
		{BEC21E2B-5531-4A8C-B452-D8EE139BA9B4} = {08794129-62AC-4308-8F61-2F24541A7B8E}
		{D725FEA4-91C1-4F65-AED2-5B42FCD14427} = {08794129-62AC-4308-8F61-2F24541A7B8E}
		{450D1BEF-4875-4F8F-8FB8-54553FB847C8} = {08794129-62AC-4308-8F61-2F24541A7B8E}
		{9A24FC1C-EE5E-4974-920E-D31276C04A90} = {08794129-62AC-4308-8F61-2F24541A7B8E}
	EndGlobalSection
	GlobalSection(ExtensibilityGlobals) = postSolution
		SolutionGuid = {CE681C19-A937-4850-B479-5A8BC0B86A8F}
	EndGlobalSection
EndGlobal
